# THIS IS AN AUTOGENERATED FILE. DO NOT EDIT THIS FILE DIRECTLY.
# yarn lockfile v1


react-window-infinite-loader@^1.0.5:
  version "1.0.5"
  resolved "https://registry.yarnpkg.com/react-window-infinite-loader/-/react-window-infinite-loader-1.0.5.tgz#6fe094d538a88978c2c9b623052bc50cb28c2abc"
  integrity sha512-IcPIq8lADK3zsAcqoLqQGyduicqR6jWkiK2VUX5sKSI9X/rou6OWlOEexnGyujdNTG7hSG8OVBFEhLSDs4qrxg==
